// !$*UTF8*$!
{
	archiveVersion = 1;
	classes = {
	};
	objectVersion = 46;
	objects = {

/* Begin PBXBuildFile section */
		3C24BF45154FA74300084C39 /* UIKit.framework in Frameworks */ = {isa = PBXBuildFile; fileRef = 3C24BF44154FA74300084C39 /* UIKit.framework */; };
		3C24BF47154FA74300084C39 /* Foundation.framework in Frameworks */ = {isa = PBXBuildFile; fileRef = 3C24BF46154FA74300084C39 /* Foundation.framework */; };
		3C24BF4F154FA74300084C39 /* InfoPlist.strings in Resources */ = {isa = PBXBuildFile; fileRef = 3C24BF4D154FA74300084C39 /* InfoPlist.strings */; };
		3C24BF58154FA74300084C39 /* WheelDemoViewController.m in Sources */ = {isa = PBXBuildFile; fileRef = 3C24BF57154FA74300084C39 /* WheelDemoViewController.m */; };
		3C24BF5B154FA74300084C39 /* WheelDemoViewController.xib in Resources */ = {isa = PBXBuildFile; fileRef = 3C24BF59154FA74300084C39 /* WheelDemoViewController.xib */; };
		3C24BF76154FA80200084C39 /* iPod Click.aiff in Resources */ = {isa = PBXBuildFile; fileRef = 3C24BF75154FA80200084C39 /* iPod Click.aiff */; };
		3C24BF7D154FA86000084C39 /* AudioToolbox.framework in Frameworks */ = {isa = PBXBuildFile; fileRef = 3C24BF7C154FA86000084C39 /* AudioToolbox.framework */; };
		3C24BF7F154FA86D00084C39 /* QuartzCore.framework in Frameworks */ = {isa = PBXBuildFile; fileRef = 3C24BF7E154FA86D00084C39 /* QuartzCore.framework */; };
		4E07F1091ADF17A500FCFEDE /* Main.storyboard in Resources */ = {isa = PBXBuildFile; fileRef = 4E07F1081ADF17A500FCFEDE /* Main.storyboard */; };
		4E07F1161ADF27C700FCFEDE /* 1.gif in Resources */ = {isa = PBXBuildFile; fileRef = 4E07F10A1ADF27C700FCFEDE /* 1.gif */; };
		4E07F1171ADF27C700FCFEDE /* 2.gif in Resources */ = {isa = PBXBuildFile; fileRef = 4E07F10B1ADF27C700FCFEDE /* 2.gif */; };
		4E07F1181ADF27C700FCFEDE /* 3.gif in Resources */ = {isa = PBXBuildFile; fileRef = 4E07F10C1ADF27C700FCFEDE /* 3.gif */; };
		4E07F1191ADF27C700FCFEDE /* 4.gif in Resources */ = {isa = PBXBuildFile; fileRef = 4E07F10D1ADF27C700FCFEDE /* 4.gif */; };
		4E07F11A1ADF27C700FCFEDE /* 6.gif in Resources */ = {isa = PBXBuildFile; fileRef = 4E07F10E1ADF27C700FCFEDE /* 6.gif */; };
		4E07F11B1ADF27C700FCFEDE /* 5.gif in Resources */ = {isa = PBXBuildFile; fileRef = 4E07F10F1ADF27C700FCFEDE /* 5.gif */; };
		4E07F11C1ADF27C700FCFEDE /* 7.gif in Resources */ = {isa = PBXBuildFile; fileRef = 4E07F1101ADF27C700FCFEDE /* 7.gif */; };
		4E07F11D1ADF27C700FCFEDE /* 8.gif in Resources */ = {isa = PBXBuildFile; fileRef = 4E07F1111ADF27C700FCFEDE /* 8.gif */; };
		4E07F11E1ADF27C700FCFEDE /* 9.gif in Resources */ = {isa = PBXBuildFile; fileRef = 4E07F1121ADF27C700FCFEDE /* 9.gif */; };
		4E07F11F1ADF27C700FCFEDE /* 10.gif in Resources */ = {isa = PBXBuildFile; fileRef = 4E07F1131ADF27C700FCFEDE /* 10.gif */; };
		4E07F1201ADF27C700FCFEDE /* 11.gif in Resources */ = {isa = PBXBuildFile; fileRef = 4E07F1141ADF27C700FCFEDE /* 11.gif */; };
		4E0EA8111ADD14A9001673D4 /* SvGifView.m in Sources */ = {isa = PBXBuildFile; fileRef = 4E0EA80E1ADD14A9001673D4 /* SvGifView.m */; settings = {COMPILER_FLAGS = "-fno-objc-arc"; }; };
		4E0EA81D1ADD1566001673D4 /* InfoPlist.strings in Resources */ = {isa = PBXBuildFile; fileRef = 4E0EA81C1ADD1566001673D4 /* InfoPlist.strings */; };
		4E0EA82D1ADD157E001673D4 /* horseBackground.png in Resources */ = {isa = PBXBuildFile; fileRef = 4E0EA82A1ADD157E001673D4 /* horseBackground.png */; };
		4E0EA82E1ADD157E001673D4 /* horseOriginal.png in Resources */ = {isa = PBXBuildFile; fileRef = 4E0EA82B1ADD157E001673D4 /* horseOriginal.png */; };
		4E0EA82F1ADD157E001673D4 /* horseScatched.png in Resources */ = {isa = PBXBuildFile; fileRef = 4E0EA82C1ADD157E001673D4 /* horseScatched.png */; };
		4E0EA8321ADD15A8001673D4 /* AppDelegate.m in Sources */ = {isa = PBXBuildFile; fileRef = 4E0EA8311ADD15A8001673D4 /* AppDelegate.m */; };
		4E0EA8481ADD1618001673D4 /* CDCircle.m in Sources */ = {isa = PBXBuildFile; fileRef = 4E0EA83D1ADD1618001673D4 /* CDCircle.m */; };
		4E0EA8491ADD1618001673D4 /* CDCircleGestureRecognizer.m in Sources */ = {isa = PBXBuildFile; fileRef = 4E0EA83F1ADD1618001673D4 /* CDCircleGestureRecognizer.m */; };
		4E0EA84A1ADD1618001673D4 /* CDCircleOverlayView.m in Sources */ = {isa = PBXBuildFile; fileRef = 4E0EA8411ADD1618001673D4 /* CDCircleOverlayView.m */; };
		4E0EA84B1ADD1618001673D4 /* CDCircleThumb.m in Sources */ = {isa = PBXBuildFile; fileRef = 4E0EA8431ADD1618001673D4 /* CDCircleThumb.m */; };
		4E0EA84C1ADD1618001673D4 /* CDIconView.m in Sources */ = {isa = PBXBuildFile; fileRef = 4E0EA8451ADD1618001673D4 /* CDIconView.m */; };
		4E0EA84D1ADD1618001673D4 /* Common.m in Sources */ = {isa = PBXBuildFile; fileRef = 4E0EA8471ADD1618001673D4 /* Common.m */; };
		4E0EA84F1ADD16C1001673D4 /* main.m in Sources */ = {isa = PBXBuildFile; fileRef = 4E0EA84E1ADD16C1001673D4 /* main.m */; };
		4E0EA85C1ADD4835001673D4 /* 12.gif in Resources */ = {isa = PBXBuildFile; fileRef = 4E0EA8571ADD4835001673D4 /* 12.gif */; };
		4E0EA8661ADDA522001673D4 /* AudioViewController.m in Sources */ = {isa = PBXBuildFile; fileRef = 4E0EA8641ADDA522001673D4 /* AudioViewController.m */; };
		4E0EA86A1ADDA5BA001673D4 /* SvGifViewController.m in Sources */ = {isa = PBXBuildFile; fileRef = 4E0EA8691ADDA5BA001673D4 /* SvGifViewController.m */; settings = {COMPILER_FLAGS = "-fno-objc-arc"; }; };
		4E0EA86D1ADDE36A001673D4 /* ISEViewController.m in Sources */ = {isa = PBXBuildFile; fileRef = 4E0EA86C1ADDE36A001673D4 /* ISEViewController.m */; };
		4E0EA8701ADDE38C001673D4 /* ISESettingViewController.m in Sources */ = {isa = PBXBuildFile; fileRef = 4E0EA86F1ADDE38C001673D4 /* ISESettingViewController.m */; };
		4E0EA8741ADDE3D4001673D4 /* PopupView.m in Sources */ = {isa = PBXBuildFile; fileRef = 4E0EA8731ADDE3D4001673D4 /* PopupView.m */; };
		4E0EA87C1ADDE48B001673D4 /* ISEResult.m in Sources */ = {isa = PBXBuildFile; fileRef = 4E0EA87B1ADDE48B001673D4 /* ISEResult.m */; };
		4E0EA87F1ADDE4A6001673D4 /* ISEResultXmlParser.m in Sources */ = {isa = PBXBuildFile; fileRef = 4E0EA87E1ADDE4A6001673D4 /* ISEResultXmlParser.m */; };
		4E0EA8A91ADDE774001673D4 /* ISEResultPhone.m in Sources */ = {isa = PBXBuildFile; fileRef = 4E0EA8A81ADDE774001673D4 /* ISEResultPhone.m */; };
		4E0EA8AC1ADDE784001673D4 /* ISEResultSyll.m in Sources */ = {isa = PBXBuildFile; fileRef = 4E0EA8AB1ADDE784001673D4 /* ISEResultSyll.m */; };
		4E0EA8AF1ADDE78D001673D4 /* ISEResultWord.m in Sources */ = {isa = PBXBuildFile; fileRef = 4E0EA8AE1ADDE78D001673D4 /* ISEResultWord.m */; };
		4E0EA8B21ADDE799001673D4 /* ISEResultSentence.m in Sources */ = {isa = PBXBuildFile; fileRef = 4E0EA8B11ADDE799001673D4 /* ISEResultSentence.m */; };
		4E0EA8B51ADDE7A4001673D4 /* ISEResultFinal.m in Sources */ = {isa = PBXBuildFile; fileRef = 4E0EA8B41ADDE7A4001673D4 /* ISEResultFinal.m */; };
		4E0EA8B81ADDE7AE001673D4 /* ISEResultReadSyllable.m in Sources */ = {isa = PBXBuildFile; fileRef = 4E0EA8B71ADDE7AE001673D4 /* ISEResultReadSyllable.m */; };
		4E0EA8BE1ADDE899001673D4 /* ISEResultReadWord.m in Sources */ = {isa = PBXBuildFile; fileRef = 4E0EA8BD1ADDE899001673D4 /* ISEResultReadWord.m */; };
		4E0EA8C11ADDE8B4001673D4 /* ISEResultReadSentence.m in Sources */ = {isa = PBXBuildFile; fileRef = 4E0EA8C01ADDE8B4001673D4 /* ISEResultReadSentence.m */; };
		4E0EA8C41ADDE8CE001673D4 /* ISEParams.m in Sources */ = {isa = PBXBuildFile; fileRef = 4E0EA8C31ADDE8CE001673D4 /* ISEParams.m */; };
		4E0EA8C51ADDEA25001673D4 /* iflyMSC.framework in Frameworks */ = {isa = PBXBuildFile; fileRef = 4E0EA8781ADDE458001673D4 /* iflyMSC.framework */; };
		4E0EA8C71ADDEA2F001673D4 /* CoreTelephony.framework in Frameworks */ = {isa = PBXBuildFile; fileRef = 4E0EA8C61ADDEA2F001673D4 /* CoreTelephony.framework */; };
		4E0EA8C91ADDEAAE001673D4 /* libz.1.2.5.dylib in Frameworks */ = {isa = PBXBuildFile; fileRef = 4E0EA8C81ADDEAAE001673D4 /* libz.1.2.5.dylib */; };
		4E0EA8CB1ADDEADE001673D4 /* AddressBook.framework in Frameworks */ = {isa = PBXBuildFile; fileRef = 4E0EA8CA1ADDEADE001673D4 /* AddressBook.framework */; };
		4E0EA8CD1ADDEAF8001673D4 /* SystemConfiguration.framework in Frameworks */ = {isa = PBXBuildFile; fileRef = 4E0EA8CC1ADDEAF8001673D4 /* SystemConfiguration.framework */; };
		4E0EA8E21ADDED92001673D4 /* SBJson4Parser.m in Sources */ = {isa = PBXBuildFile; fileRef = 4E0EA8D51ADDED92001673D4 /* SBJson4Parser.m */; };
		4E0EA8E31ADDED92001673D4 /* SBJson4StreamParser.m in Sources */ = {isa = PBXBuildFile; fileRef = 4E0EA8D71ADDED92001673D4 /* SBJson4StreamParser.m */; };
		4E0EA8E41ADDED92001673D4 /* SBJson4StreamParserState.m in Sources */ = {isa = PBXBuildFile; fileRef = 4E0EA8D91ADDED92001673D4 /* SBJson4StreamParserState.m */; };
		4E0EA8E51ADDED92001673D4 /* SBJson4StreamTokeniser.m in Sources */ = {isa = PBXBuildFile; fileRef = 4E0EA8DB1ADDED92001673D4 /* SBJson4StreamTokeniser.m */; };
		4E0EA8E61ADDED92001673D4 /* SBJson4StreamWriter.m in Sources */ = {isa = PBXBuildFile; fileRef = 4E0EA8DD1ADDED92001673D4 /* SBJson4StreamWriter.m */; };
		4E0EA8E71ADDED92001673D4 /* SBJson4StreamWriterState.m in Sources */ = {isa = PBXBuildFile; fileRef = 4E0EA8DF1ADDED92001673D4 /* SBJson4StreamWriterState.m */; };
		4E0EA8E81ADDED92001673D4 /* SBJson4Writer.m in Sources */ = {isa = PBXBuildFile; fileRef = 4E0EA8E11ADDED92001673D4 /* SBJson4Writer.m */; };
		4E0F410F1ADDEFB50075A2DE /* AFRViewController.m in Sources */ = {isa = PBXBuildFile; fileRef = 4E0F410E1ADDEFB50075A2DE /* AFRViewController.m */; };
		4E0F41121ADDF01E0075A2DE /* ISRViewController.m in Sources */ = {isa = PBXBuildFile; fileRef = 4E0F41111ADDF01E0075A2DE /* ISRViewController.m */; };
		4E0F41151ADDF0340075A2DE /* RecognizerFactory.m in Sources */ = {isa = PBXBuildFile; fileRef = 4E0F41141ADDF0340075A2DE /* RecognizerFactory.m */; };
		4E0F41181ADDF09F0075A2DE /* UIPlaceHolderTextView.m in Sources */ = {isa = PBXBuildFile; fileRef = 4E0F41171ADDF09F0075A2DE /* UIPlaceHolderTextView.m */; };
		4E0F411B1ADDF0AD0075A2DE /* ISRDataHelper.m in Sources */ = {isa = PBXBuildFile; fileRef = 4E0F411A1ADDF0AD0075A2DE /* ISRDataHelper.m */; };
		4E0F411E1ADDF3000075A2DE /* ASRDialogViewController.m in Sources */ = {isa = PBXBuildFile; fileRef = 4E0F411D1ADDF3000075A2DE /* ASRDialogViewController.m */; };
		4E4001E51AD7EA84002917F4 /* CoreImage.framework in Frameworks */ = {isa = PBXBuildFile; fileRef = 4E4001E41AD7EA84002917F4 /* CoreImage.framework */; };
		4E4001E61AD7EAC8002917F4 /* CoreGraphics.framework in Frameworks */ = {isa = PBXBuildFile; fileRef = 3C24BF48154FA74300084C39 /* CoreGraphics.framework */; };
		4E4001E81AD7EB52002917F4 /* ImageIO.framework in Frameworks */ = {isa = PBXBuildFile; fileRef = 4E4001E71AD7EB52002917F4 /* ImageIO.framework */; };
		4E4CC7271ADEE2190022004B /* ISEResultTools.m in Sources */ = {isa = PBXBuildFile; fileRef = 4E4CC7261ADEE2190022004B /* ISEResultTools.m */; };
		4E4CC7291ADEE3890022004B /* AudioViewController.xib in Resources */ = {isa = PBXBuildFile; fileRef = 4E4CC7281ADEE3890022004B /* AudioViewController.xib */; };
		4E8087371AD7DF5F000767C5 /* HYScratchCardView.m in Sources */ = {isa = PBXBuildFile; fileRef = 4E8087361AD7DF5E000767C5 /* HYScratchCardView.m */; };
		4E80873A1AD7DF7A000767C5 /* Images.xcassets in Resources */ = {isa = PBXBuildFile; fileRef = 4E8087391AD7DF7A000767C5 /* Images.xcassets */; };
		4E80873C1AD7DF7F000767C5 /* LaunchScreen.xib in Resources */ = {isa = PBXBuildFile; fileRef = 4E80873B1AD7DF7F000767C5 /* LaunchScreen.xib */; };
		4E8087631AD7E0E4000767C5 /* CoreFoundation.framework in Frameworks */ = {isa = PBXBuildFile; fileRef = 4E8087621AD7E0E4000767C5 /* CoreFoundation.framework */; };
		4E8087651AD7E37D000767C5 /* AVFoundation.framework in Frameworks */ = {isa = PBXBuildFile; fileRef = 4E8087641AD7E37D000767C5 /* AVFoundation.framework */; };
		4EC5BABD1ADEF624002A635F /* 1.mp3 in Resources */ = {isa = PBXBuildFile; fileRef = 4EC5BAB11ADEF624002A635F /* 1.mp3 */; };
		4EC5BABE1ADEF624002A635F /* 2.mp3 in Resources */ = {isa = PBXBuildFile; fileRef = 4EC5BAB21ADEF624002A635F /* 2.mp3 */; };
		4EC5BABF1ADEF624002A635F /* 3.mp3 in Resources */ = {isa = PBXBuildFile; fileRef = 4EC5BAB31ADEF624002A635F /* 3.mp3 */; };
		4EC5BAC01ADEF624002A635F /* 4.mp3 in Resources */ = {isa = PBXBuildFile; fileRef = 4EC5BAB41ADEF624002A635F /* 4.mp3 */; };
		4EC5BAC11ADEF624002A635F /* 5.mp3 in Resources */ = {isa = PBXBuildFile; fileRef = 4EC5BAB51ADEF624002A635F /* 5.mp3 */; };
		4EC5BAC21ADEF624002A635F /* 6.mp3 in Resources */ = {isa = PBXBuildFile; fileRef = 4EC5BAB61ADEF624002A635F /* 6.mp3 */; };
		4EC5BAC31ADEF624002A635F /* 7.mp3 in Resources */ = {isa = PBXBuildFile; fileRef = 4EC5BAB71ADEF624002A635F /* 7.mp3 */; };
		4EC5BAC41ADEF624002A635F /* 8.mp3 in Resources */ = {isa = PBXBuildFile; fileRef = 4EC5BAB81ADEF624002A635F /* 8.mp3 */; };
		4EC5BAC51ADEF624002A635F /* 9.mp3 in Resources */ = {isa = PBXBuildFile; fileRef = 4EC5BAB91ADEF624002A635F /* 9.mp3 */; };
		4EC5BAC61ADEF624002A635F /* 10.mp3 in Resources */ = {isa = PBXBuildFile; fileRef = 4EC5BABA1ADEF624002A635F /* 10.mp3 */; };
		4EC5BAC71ADEF624002A635F /* 11.mp3 in Resources */ = {isa = PBXBuildFile; fileRef = 4EC5BABB1ADEF624002A635F /* 11.mp3 */; };
		4EC5BAC81ADEF624002A635F /* 12.mp3 in Resources */ = {isa = PBXBuildFile; fileRef = 4EC5BABC1ADEF624002A635F /* 12.mp3 */; };
		4ECD387B1ADD132C008F9DFA /* ViewController.m in Sources */ = {isa = PBXBuildFile; fileRef = 4ECD387A1ADD132C008F9DFA /* ViewController.m */; settings = {COMPILER_FLAGS = "-fno-objc-arc"; }; };
		986A73EB1AD6C9D50015C12A /* C1 in Resources */ = {isa = PBXBuildFile; fileRef = 986A73E71AD6C9D50015C12A /* C1 */; };
		986A73EC1AD6C9D50015C12A /* C2 in Resources */ = {isa = PBXBuildFile; fileRef = 986A73E81AD6C9D50015C12A /* C2 */; };
		986A73ED1AD6C9D50015C12A /* C3 in Resources */ = {isa = PBXBuildFile; fileRef = 986A73E91AD6C9D50015C12A /* C3 */; };
		986A73EE1AD6C9D50015C12A /* C4 in Resources */ = {isa = PBXBuildFile; fileRef = 986A73EA1AD6C9D50015C12A /* C4 */; };
/* End PBXBuildFile section */

/* Begin PBXFileReference section */
		3C24BF40154FA74300084C39 /* ChineseWheel.app */ = {isa = PBXFileReference; explicitFileType = wrapper.application; includeInIndex = 0; path = ChineseWheel.app; sourceTree = BUILT_PRODUCTS_DIR; };
		3C24BF44154FA74300084C39 /* UIKit.framework */ = {isa = PBXFileReference; lastKnownFileType = wrapper.framework; name = UIKit.framework; path = System/Library/Frameworks/UIKit.framework; sourceTree = SDKROOT; };
		3C24BF46154FA74300084C39 /* Foundation.framework */ = {isa = PBXFileReference; lastKnownFileType = wrapper.framework; name = Foundation.framework; path = System/Library/Frameworks/Foundation.framework; sourceTree = SDKROOT; };
		3C24BF48154FA74300084C39 /* CoreGraphics.framework */ = {isa = PBXFileReference; lastKnownFileType = wrapper.framework; name = CoreGraphics.framework; path = System/Library/Frameworks/CoreGraphics.framework; sourceTree = SDKROOT; };
		3C24BF4C154FA74300084C39 /* ChineseWheel-Info.plist */ = {isa = PBXFileReference; lastKnownFileType = text.plist.xml; path = "ChineseWheel-Info.plist"; sourceTree = "<group>"; };
		3C24BF4E154FA74300084C39 /* en */ = {isa = PBXFileReference; lastKnownFileType = text.plist.strings; name = en; path = en.lproj/InfoPlist.strings; sourceTree = "<group>"; };
		3C24BF52154FA74300084C39 /* ChineseWheel-Prefix.pch */ = {isa = PBXFileReference; lastKnownFileType = sourcecode.c.h; path = "ChineseWheel-Prefix.pch"; sourceTree = "<group>"; };
		3C24BF56154FA74300084C39 /* WheelDemoViewController.h */ = {isa = PBXFileReference; lastKnownFileType = sourcecode.c.h; path = WheelDemoViewController.h; sourceTree = "<group>"; };
		3C24BF57154FA74300084C39 /* WheelDemoViewController.m */ = {isa = PBXFileReference; lastKnownFileType = sourcecode.c.objc; path = WheelDemoViewController.m; sourceTree = "<group>"; };
		3C24BF5A154FA74300084C39 /* en */ = {isa = PBXFileReference; lastKnownFileType = file.xib; name = en; path = en.lproj/WheelDemoViewController.xib; sourceTree = "<group>"; };
		3C24BF75154FA80200084C39 /* iPod Click.aiff */ = {isa = PBXFileReference; lastKnownFileType = audio.aiff; path = "iPod Click.aiff"; sourceTree = "<group>"; };
		3C24BF7C154FA86000084C39 /* AudioToolbox.framework */ = {isa = PBXFileReference; lastKnownFileType = wrapper.framework; name = AudioToolbox.framework; path = System/Library/Frameworks/AudioToolbox.framework; sourceTree = SDKROOT; };
		3C24BF7E154FA86D00084C39 /* QuartzCore.framework */ = {isa = PBXFileReference; lastKnownFileType = wrapper.framework; name = QuartzCore.framework; path = System/Library/Frameworks/QuartzCore.framework; sourceTree = SDKROOT; };
		4E07F1081ADF17A500FCFEDE /* Main.storyboard */ = {isa = PBXFileReference; fileEncoding = 4; lastKnownFileType = file.storyboard; path = Main.storyboard; sourceTree = "<group>"; };
		4E07F10A1ADF27C700FCFEDE /* 1.gif */ = {isa = PBXFileReference; lastKnownFileType = image.gif; path = 1.gif; sourceTree = "<group>"; };
		4E07F10B1ADF27C700FCFEDE /* 2.gif */ = {isa = PBXFileReference; lastKnownFileType = image.gif; path = 2.gif; sourceTree = "<group>"; };
		4E07F10C1ADF27C700FCFEDE /* 3.gif */ = {isa = PBXFileReference; lastKnownFileType = image.gif; path = 3.gif; sourceTree = "<group>"; };
		4E07F10D1ADF27C700FCFEDE /* 4.gif */ = {isa = PBXFileReference; lastKnownFileType = image.gif; path = 4.gif; sourceTree = "<group>"; };
		4E07F10E1ADF27C700FCFEDE /* 6.gif */ = {isa = PBXFileReference; lastKnownFileType = image.gif; path = 6.gif; sourceTree = "<group>"; };
		4E07F10F1ADF27C700FCFEDE /* 5.gif */ = {isa = PBXFileReference; lastKnownFileType = image.gif; path = 5.gif; sourceTree = "<group>"; };
		4E07F1101ADF27C700FCFEDE /* 7.gif */ = {isa = PBXFileReference; lastKnownFileType = image.gif; path = 7.gif; sourceTree = "<group>"; };
		4E07F1111ADF27C700FCFEDE /* 8.gif */ = {isa = PBXFileReference; lastKnownFileType = image.gif; path = 8.gif; sourceTree = "<group>"; };
		4E07F1121ADF27C700FCFEDE /* 9.gif */ = {isa = PBXFileReference; lastKnownFileType = image.gif; path = 9.gif; sourceTree = "<group>"; };
		4E07F1131ADF27C700FCFEDE /* 10.gif */ = {isa = PBXFileReference; lastKnownFileType = image.gif; path = 10.gif; sourceTree = "<group>"; };
		4E07F1141ADF27C700FCFEDE /* 11.gif */ = {isa = PBXFileReference; lastKnownFileType = image.gif; path = 11.gif; sourceTree = "<group>"; };
		4E0EA80D1ADD14A9001673D4 /* SvGifView.h */ = {isa = PBXFileReference; fileEncoding = 4; lastKnownFileType = sourcecode.c.h; path = SvGifView.h; sourceTree = "<group>"; };
		4E0EA80E1ADD14A9001673D4 /* SvGifView.m */ = {isa = PBXFileReference; fileEncoding = 4; lastKnownFileType = sourcecode.c.objc; path = SvGifView.m; sourceTree = "<group>"; };
		4E0EA81C1ADD1566001673D4 /* InfoPlist.strings */ = {isa = PBXFileReference; fileEncoding = 4; lastKnownFileType = text.plist.strings; path = InfoPlist.strings; sourceTree = "<group>"; };
		4E0EA82A1ADD157E001673D4 /* horseBackground.png */ = {isa = PBXFileReference; lastKnownFileType = image.png; name = horseBackground.png; path = ../horseBackground.png; sourceTree = "<group>"; };
		4E0EA82B1ADD157E001673D4 /* horseOriginal.png */ = {isa = PBXFileReference; lastKnownFileType = image.png; name = horseOriginal.png; path = ../horseOriginal.png; sourceTree = "<group>"; };
		4E0EA82C1ADD157E001673D4 /* horseScatched.png */ = {isa = PBXFileReference; lastKnownFileType = image.png; name = horseScatched.png; path = ../horseScatched.png; sourceTree = "<group>"; };
		4E0EA8301ADD15A8001673D4 /* AppDelegate.h */ = {isa = PBXFileReference; fileEncoding = 4; lastKnownFileType = sourcecode.c.h; path = AppDelegate.h; sourceTree = "<group>"; };
		4E0EA8311ADD15A8001673D4 /* AppDelegate.m */ = {isa = PBXFileReference; fileEncoding = 4; lastKnownFileType = sourcecode.c.objc; path = AppDelegate.m; sourceTree = "<group>"; };
		4E0EA83C1ADD1618001673D4 /* CDCircle.h */ = {isa = PBXFileReference; fileEncoding = 4; lastKnownFileType = sourcecode.c.h; path = CDCircle.h; sourceTree = "<group>"; };
		4E0EA83D1ADD1618001673D4 /* CDCircle.m */ = {isa = PBXFileReference; fileEncoding = 4; lastKnownFileType = sourcecode.c.objc; path = CDCircle.m; sourceTree = "<group>"; };
		4E0EA83E1ADD1618001673D4 /* CDCircleGestureRecognizer.h */ = {isa = PBXFileReference; fileEncoding = 4; lastKnownFileType = sourcecode.c.h; path = CDCircleGestureRecognizer.h; sourceTree = "<group>"; };
		4E0EA83F1ADD1618001673D4 /* CDCircleGestureRecognizer.m */ = {isa = PBXFileReference; fileEncoding = 4; lastKnownFileType = sourcecode.c.objc; path = CDCircleGestureRecognizer.m; sourceTree = "<group>"; };
		4E0EA8401ADD1618001673D4 /* CDCircleOverlayView.h */ = {isa = PBXFileReference; fileEncoding = 4; lastKnownFileType = sourcecode.c.h; path = CDCircleOverlayView.h; sourceTree = "<group>"; };
		4E0EA8411ADD1618001673D4 /* CDCircleOverlayView.m */ = {isa = PBXFileReference; fileEncoding = 4; lastKnownFileType = sourcecode.c.objc; path = CDCircleOverlayView.m; sourceTree = "<group>"; };
		4E0EA8421ADD1618001673D4 /* CDCircleThumb.h */ = {isa = PBXFileReference; fileEncoding = 4; lastKnownFileType = sourcecode.c.h; path = CDCircleThumb.h; sourceTree = "<group>"; };
		4E0EA8431ADD1618001673D4 /* CDCircleThumb.m */ = {isa = PBXFileReference; fileEncoding = 4; lastKnownFileType = sourcecode.c.objc; path = CDCircleThumb.m; sourceTree = "<group>"; };
		4E0EA8441ADD1618001673D4 /* CDIconView.h */ = {isa = PBXFileReference; fileEncoding = 4; lastKnownFileType = sourcecode.c.h; path = CDIconView.h; sourceTree = "<group>"; };
		4E0EA8451ADD1618001673D4 /* CDIconView.m */ = {isa = PBXFileReference; fileEncoding = 4; lastKnownFileType = sourcecode.c.objc; path = CDIconView.m; sourceTree = "<group>"; };
		4E0EA8461ADD1618001673D4 /* Common.h */ = {isa = PBXFileReference; fileEncoding = 4; lastKnownFileType = sourcecode.c.h; path = Common.h; sourceTree = "<group>"; };
		4E0EA8471ADD1618001673D4 /* Common.m */ = {isa = PBXFileReference; fileEncoding = 4; lastKnownFileType = sourcecode.c.objc; path = Common.m; sourceTree = "<group>"; };
		4E0EA84E1ADD16C1001673D4 /* main.m */ = {isa = PBXFileReference; fileEncoding = 4; lastKnownFileType = sourcecode.c.objc; path = main.m; sourceTree = "<group>"; };
		4E0EA8571ADD4835001673D4 /* 12.gif */ = {isa = PBXFileReference; lastKnownFileType = image.gif; path = 12.gif; sourceTree = "<group>"; };
		4E0EA8631ADDA522001673D4 /* AudioViewController.h */ = {isa = PBXFileReference; fileEncoding = 4; lastKnownFileType = sourcecode.c.h; path = AudioViewController.h; sourceTree = SOURCE_ROOT; };
		4E0EA8641ADDA522001673D4 /* AudioViewController.m */ = {isa = PBXFileReference; fileEncoding = 4; lastKnownFileType = sourcecode.c.objc; path = AudioViewController.m; sourceTree = SOURCE_ROOT; };
		4E0EA8681ADDA5BA001673D4 /* SvGifViewController.h */ = {isa = PBXFileReference; fileEncoding = 4; lastKnownFileType = sourcecode.c.h; path = SvGifViewController.h; sourceTree = "<group>"; };
		4E0EA8691ADDA5BA001673D4 /* SvGifViewController.m */ = {isa = PBXFileReference; fileEncoding = 4; lastKnownFileType = sourcecode.c.objc; path = SvGifViewController.m; sourceTree = "<group>"; };
		4E0EA86B1ADDE36A001673D4 /* ISEViewController.h */ = {isa = PBXFileReference; fileEncoding = 4; lastKnownFileType = sourcecode.c.h; path = ISEViewController.h; sourceTree = "<group>"; };
		4E0EA86C1ADDE36A001673D4 /* ISEViewController.m */ = {isa = PBXFileReference; fileEncoding = 4; lastKnownFileType = sourcecode.c.objc; path = ISEViewController.m; sourceTree = "<group>"; };
		4E0EA86E1ADDE38C001673D4 /* ISESettingViewController.h */ = {isa = PBXFileReference; fileEncoding = 4; lastKnownFileType = sourcecode.c.h; path = ISESettingViewController.h; sourceTree = "<group>"; };
		4E0EA86F1ADDE38C001673D4 /* ISESettingViewController.m */ = {isa = PBXFileReference; fileEncoding = 4; lastKnownFileType = sourcecode.c.objc; path = ISESettingViewController.m; sourceTree = "<group>"; };
		4E0EA8721ADDE3D4001673D4 /* PopupView.h */ = {isa = PBXFileReference; fileEncoding = 4; lastKnownFileType = sourcecode.c.h; name = PopupView.h; path = ../PopupView.h; sourceTree = "<group>"; };
		4E0EA8731ADDE3D4001673D4 /* PopupView.m */ = {isa = PBXFileReference; fileEncoding = 4; lastKnownFileType = sourcecode.c.objc; name = PopupView.m; path = ../PopupView.m; sourceTree = "<group>"; };
		4E0EA8781ADDE458001673D4 /* iflyMSC.framework */ = {isa = PBXFileReference; lastKnownFileType = wrapper.framework; path = iflyMSC.framework; sourceTree = "<group>"; };
		4E0EA87A1ADDE48B001673D4 /* ISEResult.h */ = {isa = PBXFileReference; fileEncoding = 4; lastKnownFileType = sourcecode.c.h; path = ISEResult.h; sourceTree = "<group>"; };
		4E0EA87B1ADDE48B001673D4 /* ISEResult.m */ = {isa = PBXFileReference; fileEncoding = 4; lastKnownFileType = sourcecode.c.objc; path = ISEResult.m; sourceTree = "<group>"; };
		4E0EA87D1ADDE4A6001673D4 /* ISEResultXmlParser.h */ = {isa = PBXFileReference; fileEncoding = 4; lastKnownFileType = sourcecode.c.h; path = ISEResultXmlParser.h; sourceTree = "<group>"; };
		4E0EA87E1ADDE4A6001673D4 /* ISEResultXmlParser.m */ = {isa = PBXFileReference; fileEncoding = 4; lastKnownFileType = sourcecode.c.objc; path = ISEResultXmlParser.m; sourceTree = "<group>"; };
		4E0EA8801ADDE576001673D4 /* ViewUIPrefix.h */ = {isa = PBXFileReference; lastKnownFileType = sourcecode.c.h; path = ViewUIPrefix.h; sourceTree = "<group>"; };
		4E0EA8A71ADDE774001673D4 /* ISEResultPhone.h */ = {isa = PBXFileReference; fileEncoding = 4; lastKnownFileType = sourcecode.c.h; path = ISEResultPhone.h; sourceTree = "<group>"; };
		4E0EA8A81ADDE774001673D4 /* ISEResultPhone.m */ = {isa = PBXFileReference; fileEncoding = 4; lastKnownFileType = sourcecode.c.objc; path = ISEResultPhone.m; sourceTree = "<group>"; };
		4E0EA8AA1ADDE784001673D4 /* ISEResultSyll.h */ = {isa = PBXFileReference; fileEncoding = 4; lastKnownFileType = sourcecode.c.h; path = ISEResultSyll.h; sourceTree = "<group>"; };
		4E0EA8AB1ADDE784001673D4 /* ISEResultSyll.m */ = {isa = PBXFileReference; fileEncoding = 4; lastKnownFileType = sourcecode.c.objc; path = ISEResultSyll.m; sourceTree = "<group>"; };
		4E0EA8AD1ADDE78D001673D4 /* ISEResultWord.h */ = {isa = PBXFileReference; fileEncoding = 4; lastKnownFileType = sourcecode.c.h; path = ISEResultWord.h; sourceTree = "<group>"; };
		4E0EA8AE1ADDE78D001673D4 /* ISEResultWord.m */ = {isa = PBXFileReference; fileEncoding = 4; lastKnownFileType = sourcecode.c.objc; path = ISEResultWord.m; sourceTree = "<group>"; };
		4E0EA8B01ADDE799001673D4 /* ISEResultSentence.h */ = {isa = PBXFileReference; fileEncoding = 4; lastKnownFileType = sourcecode.c.h; path = ISEResultSentence.h; sourceTree = "<group>"; };
		4E0EA8B11ADDE799001673D4 /* ISEResultSentence.m */ = {isa = PBXFileReference; fileEncoding = 4; lastKnownFileType = sourcecode.c.objc; path = ISEResultSentence.m; sourceTree = "<group>"; };
		4E0EA8B31ADDE7A4001673D4 /* ISEResultFinal.h */ = {isa = PBXFileReference; fileEncoding = 4; lastKnownFileType = sourcecode.c.h; path = ISEResultFinal.h; sourceTree = "<group>"; };
		4E0EA8B41ADDE7A4001673D4 /* ISEResultFinal.m */ = {isa = PBXFileReference; fileEncoding = 4; lastKnownFileType = sourcecode.c.objc; path = ISEResultFinal.m; sourceTree = "<group>"; };
		4E0EA8B61ADDE7AE001673D4 /* ISEResultReadSyllable.h */ = {isa = PBXFileReference; fileEncoding = 4; lastKnownFileType = sourcecode.c.h; path = ISEResultReadSyllable.h; sourceTree = "<group>"; };
		4E0EA8B71ADDE7AE001673D4 /* ISEResultReadSyllable.m */ = {isa = PBXFileReference; fileEncoding = 4; lastKnownFileType = sourcecode.c.objc; path = ISEResultReadSyllable.m; sourceTree = "<group>"; };
		4E0EA8BC1ADDE899001673D4 /* ISEResultReadWord.h */ = {isa = PBXFileReference; fileEncoding = 4; lastKnownFileType = sourcecode.c.h; path = ISEResultReadWord.h; sourceTree = "<group>"; };
		4E0EA8BD1ADDE899001673D4 /* ISEResultReadWord.m */ = {isa = PBXFileReference; fileEncoding = 4; lastKnownFileType = sourcecode.c.objc; path = ISEResultReadWord.m; sourceTree = "<group>"; };
		4E0EA8BF1ADDE8B4001673D4 /* ISEResultReadSentence.h */ = {isa = PBXFileReference; fileEncoding = 4; lastKnownFileType = sourcecode.c.h; path = ISEResultReadSentence.h; sourceTree = "<group>"; };
		4E0EA8C01ADDE8B4001673D4 /* ISEResultReadSentence.m */ = {isa = PBXFileReference; fileEncoding = 4; lastKnownFileType = sourcecode.c.objc; path = ISEResultReadSentence.m; sourceTree = "<group>"; };
		4E0EA8C21ADDE8CE001673D4 /* ISEParams.h */ = {isa = PBXFileReference; fileEncoding = 4; lastKnownFileType = sourcecode.c.h; path = ISEParams.h; sourceTree = "<group>"; };
		4E0EA8C31ADDE8CE001673D4 /* ISEParams.m */ = {isa = PBXFileReference; fileEncoding = 4; lastKnownFileType = sourcecode.c.objc; path = ISEParams.m; sourceTree = "<group>"; };
		4E0EA8C61ADDEA2F001673D4 /* CoreTelephony.framework */ = {isa = PBXFileReference; lastKnownFileType = wrapper.framework; name = CoreTelephony.framework; path = System/Library/Frameworks/CoreTelephony.framework; sourceTree = SDKROOT; };
		4E0EA8C81ADDEAAE001673D4 /* libz.1.2.5.dylib */ = {isa = PBXFileReference; lastKnownFileType = "compiled.mach-o.dylib"; name = libz.1.2.5.dylib; path = usr/lib/libz.1.2.5.dylib; sourceTree = SDKROOT; };
		4E0EA8CA1ADDEADE001673D4 /* AddressBook.framework */ = {isa = PBXFileReference; lastKnownFileType = wrapper.framework; name = AddressBook.framework; path = System/Library/Frameworks/AddressBook.framework; sourceTree = SDKROOT; };
		4E0EA8CC1ADDEAF8001673D4 /* SystemConfiguration.framework */ = {isa = PBXFileReference; lastKnownFileType = wrapper.framework; name = SystemConfiguration.framework; path = System/Library/Frameworks/SystemConfiguration.framework; sourceTree = SDKROOT; };
		4E0EA8D31ADDED92001673D4 /* SBJson4.h */ = {isa = PBXFileReference; fileEncoding = 4; lastKnownFileType = sourcecode.c.h; path = SBJson4.h; sourceTree = "<group>"; };
		4E0EA8D41ADDED92001673D4 /* SBJson4Parser.h */ = {isa = PBXFileReference; fileEncoding = 4; lastKnownFileType = sourcecode.c.h; path = SBJson4Parser.h; sourceTree = "<group>"; };
		4E0EA8D51ADDED92001673D4 /* SBJson4Parser.m */ = {isa = PBXFileReference; fileEncoding = 4; lastKnownFileType = sourcecode.c.objc; path = SBJson4Parser.m; sourceTree = "<group>"; };
		4E0EA8D61ADDED92001673D4 /* SBJson4StreamParser.h */ = {isa = PBXFileReference; fileEncoding = 4; lastKnownFileType = sourcecode.c.h; path = SBJson4StreamParser.h; sourceTree = "<group>"; };
		4E0EA8D71ADDED92001673D4 /* SBJson4StreamParser.m */ = {isa = PBXFileReference; fileEncoding = 4; lastKnownFileType = sourcecode.c.objc; path = SBJson4StreamParser.m; sourceTree = "<group>"; };
		4E0EA8D81ADDED92001673D4 /* SBJson4StreamParserState.h */ = {isa = PBXFileReference; fileEncoding = 4; lastKnownFileType = sourcecode.c.h; path = SBJson4StreamParserState.h; sourceTree = "<group>"; };
		4E0EA8D91ADDED92001673D4 /* SBJson4StreamParserState.m */ = {isa = PBXFileReference; fileEncoding = 4; lastKnownFileType = sourcecode.c.objc; path = SBJson4StreamParserState.m; sourceTree = "<group>"; };
		4E0EA8DA1ADDED92001673D4 /* SBJson4StreamTokeniser.h */ = {isa = PBXFileReference; fileEncoding = 4; lastKnownFileType = sourcecode.c.h; path = SBJson4StreamTokeniser.h; sourceTree = "<group>"; };
		4E0EA8DB1ADDED92001673D4 /* SBJson4StreamTokeniser.m */ = {isa = PBXFileReference; fileEncoding = 4; lastKnownFileType = sourcecode.c.objc; path = SBJson4StreamTokeniser.m; sourceTree = "<group>"; };
		4E0EA8DC1ADDED92001673D4 /* SBJson4StreamWriter.h */ = {isa = PBXFileReference; fileEncoding = 4; lastKnownFileType = sourcecode.c.h; path = SBJson4StreamWriter.h; sourceTree = "<group>"; };
		4E0EA8DD1ADDED92001673D4 /* SBJson4StreamWriter.m */ = {isa = PBXFileReference; fileEncoding = 4; lastKnownFileType = sourcecode.c.objc; path = SBJson4StreamWriter.m; sourceTree = "<group>"; };
		4E0EA8DE1ADDED92001673D4 /* SBJson4StreamWriterState.h */ = {isa = PBXFileReference; fileEncoding = 4; lastKnownFileType = sourcecode.c.h; path = SBJson4StreamWriterState.h; sourceTree = "<group>"; };
		4E0EA8DF1ADDED92001673D4 /* SBJson4StreamWriterState.m */ = {isa = PBXFileReference; fileEncoding = 4; lastKnownFileType = sourcecode.c.objc; path = SBJson4StreamWriterState.m; sourceTree = "<group>"; };
		4E0EA8E01ADDED92001673D4 /* SBJson4Writer.h */ = {isa = PBXFileReference; fileEncoding = 4; lastKnownFileType = sourcecode.c.h; path = SBJson4Writer.h; sourceTree = "<group>"; };
		4E0EA8E11ADDED92001673D4 /* SBJson4Writer.m */ = {isa = PBXFileReference; fileEncoding = 4; lastKnownFileType = sourcecode.c.objc; path = SBJson4Writer.m; sourceTree = "<group>"; };
		4E0F410D1ADDEFB50075A2DE /* AFRViewController.h */ = {isa = PBXFileReference; fileEncoding = 4; lastKnownFileType = sourcecode.c.h; path = AFRViewController.h; sourceTree = "<group>"; };
		4E0F410E1ADDEFB50075A2DE /* AFRViewController.m */ = {isa = PBXFileReference; fileEncoding = 4; lastKnownFileType = sourcecode.c.objc; path = AFRViewController.m; sourceTree = "<group>"; };
		4E0F41101ADDF01E0075A2DE /* ISRViewController.h */ = {isa = PBXFileReference; fileEncoding = 4; lastKnownFileType = sourcecode.c.h; path = ISRViewController.h; sourceTree = "<group>"; };
		4E0F41111ADDF01E0075A2DE /* ISRViewController.m */ = {isa = PBXFileReference; fileEncoding = 4; lastKnownFileType = sourcecode.c.objc; path = ISRViewController.m; sourceTree = "<group>"; };
		4E0F41131ADDF0340075A2DE /* RecognizerFactory.h */ = {isa = PBXFileReference; fileEncoding = 4; lastKnownFileType = sourcecode.c.h; path = RecognizerFactory.h; sourceTree = "<group>"; };
		4E0F41141ADDF0340075A2DE /* RecognizerFactory.m */ = {isa = PBXFileReference; fileEncoding = 4; lastKnownFileType = sourcecode.c.objc; path = RecognizerFactory.m; sourceTree = "<group>"; };
		4E0F41161ADDF09F0075A2DE /* UIPlaceHolderTextView.h */ = {isa = PBXFileReference; fileEncoding = 4; lastKnownFileType = sourcecode.c.h; path = UIPlaceHolderTextView.h; sourceTree = "<group>"; };
		4E0F41171ADDF09F0075A2DE /* UIPlaceHolderTextView.m */ = {isa = PBXFileReference; fileEncoding = 4; lastKnownFileType = sourcecode.c.objc; path = UIPlaceHolderTextView.m; sourceTree = "<group>"; };
		4E0F41191ADDF0AD0075A2DE /* ISRDataHelper.h */ = {isa = PBXFileReference; fileEncoding = 4; lastKnownFileType = sourcecode.c.h; path = ISRDataHelper.h; sourceTree = "<group>"; };
		4E0F411A1ADDF0AD0075A2DE /* ISRDataHelper.m */ = {isa = PBXFileReference; fileEncoding = 4; lastKnownFileType = sourcecode.c.objc; path = ISRDataHelper.m; sourceTree = "<group>"; };
		4E0F411C1ADDF3000075A2DE /* ASRDialogViewController.h */ = {isa = PBXFileReference; fileEncoding = 4; lastKnownFileType = sourcecode.c.h; path = ASRDialogViewController.h; sourceTree = "<group>"; };
		4E0F411D1ADDF3000075A2DE /* ASRDialogViewController.m */ = {isa = PBXFileReference; fileEncoding = 4; lastKnownFileType = sourcecode.c.objc; path = ASRDialogViewController.m; sourceTree = "<group>"; };
		4E4001E41AD7EA84002917F4 /* CoreImage.framework */ = {isa = PBXFileReference; lastKnownFileType = wrapper.framework; name = CoreImage.framework; path = System/Library/Frameworks/CoreImage.framework; sourceTree = SDKROOT; };
		4E4001E71AD7EB52002917F4 /* ImageIO.framework */ = {isa = PBXFileReference; lastKnownFileType = wrapper.framework; name = ImageIO.framework; path = System/Library/Frameworks/ImageIO.framework; sourceTree = SDKROOT; };
		4E4CC7251ADEE2190022004B /* ISEResultTools.h */ = {isa = PBXFileReference; fileEncoding = 4; lastKnownFileType = sourcecode.c.h; path = ISEResultTools.h; sourceTree = "<group>"; };
		4E4CC7261ADEE2190022004B /* ISEResultTools.m */ = {isa = PBXFileReference; fileEncoding = 4; lastKnownFileType = sourcecode.c.objc; path = ISEResultTools.m; sourceTree = "<group>"; };
		4E4CC7281ADEE3890022004B /* AudioViewController.xib */ = {isa = PBXFileReference; fileEncoding = 4; lastKnownFileType = file.xib; path = AudioViewController.xib; sourceTree = "<group>"; };
		4E8087351AD7DF5E000767C5 /* HYScratchCardView.h */ = {isa = PBXFileReference; fileEncoding = 4; lastKnownFileType = sourcecode.c.h; path = HYScratchCardView.h; sourceTree = "<group>"; };
		4E8087361AD7DF5E000767C5 /* HYScratchCardView.m */ = {isa = PBXFileReference; fileEncoding = 4; lastKnownFileType = sourcecode.c.objc; path = HYScratchCardView.m; sourceTree = "<group>"; };
		4E8087391AD7DF7A000767C5 /* Images.xcassets */ = {isa = PBXFileReference; lastKnownFileType = folder.assetcatalog; name = Images.xcassets; path = ../Images.xcassets; sourceTree = "<group>"; };
		4E80873B1AD7DF7F000767C5 /* LaunchScreen.xib */ = {isa = PBXFileReference; fileEncoding = 4; lastKnownFileType = file.xib; name = LaunchScreen.xib; path = ../LaunchScreen.xib; sourceTree = "<group>"; };
		4E8087621AD7E0E4000767C5 /* CoreFoundation.framework */ = {isa = PBXFileReference; lastKnownFileType = wrapper.framework; name = CoreFoundation.framework; path = System/Library/Frameworks/CoreFoundation.framework; sourceTree = SDKROOT; };
		4E8087641AD7E37D000767C5 /* AVFoundation.framework */ = {isa = PBXFileReference; lastKnownFileType = wrapper.framework; name = AVFoundation.framework; path = System/Library/Frameworks/AVFoundation.framework; sourceTree = SDKROOT; };
		4EC5BAB11ADEF624002A635F /* 1.mp3 */ = {isa = PBXFileReference; lastKnownFileType = audio.mp3; path = 1.mp3; sourceTree = "<group>"; };
		4EC5BAB21ADEF624002A635F /* 2.mp3 */ = {isa = PBXFileReference; lastKnownFileType = audio.mp3; path = 2.mp3; sourceTree = "<group>"; };
		4EC5BAB31ADEF624002A635F /* 3.mp3 */ = {isa = PBXFileReference; lastKnownFileType = audio.mp3; path = 3.mp3; sourceTree = "<group>"; };
		4EC5BAB41ADEF624002A635F /* 4.mp3 */ = {isa = PBXFileReference; lastKnownFileType = audio.mp3; path = 4.mp3; sourceTree = "<group>"; };
		4EC5BAB51ADEF624002A635F /* 5.mp3 */ = {isa = PBXFileReference; lastKnownFileType = audio.mp3; path = 5.mp3; sourceTree = "<group>"; };
		4EC5BAB61ADEF624002A635F /* 6.mp3 */ = {isa = PBXFileReference; lastKnownFileType = audio.mp3; path = 6.mp3; sourceTree = "<group>"; };
		4EC5BAB71ADEF624002A635F /* 7.mp3 */ = {isa = PBXFileReference; lastKnownFileType = audio.mp3; path = 7.mp3; sourceTree = "<group>"; };
		4EC5BAB81ADEF624002A635F /* 8.mp3 */ = {isa = PBXFileReference; lastKnownFileType = audio.mp3; path = 8.mp3; sourceTree = "<group>"; };
		4EC5BAB91ADEF624002A635F /* 9.mp3 */ = {isa = PBXFileReference; lastKnownFileType = audio.mp3; path = 9.mp3; sourceTree = "<group>"; };
		4EC5BABA1ADEF624002A635F /* 10.mp3 */ = {isa = PBXFileReference; lastKnownFileType = audio.mp3; path = 10.mp3; sourceTree = "<group>"; };
		4EC5BABB1ADEF624002A635F /* 11.mp3 */ = {isa = PBXFileReference; lastKnownFileType = audio.mp3; path = 11.mp3; sourceTree = "<group>"; };
		4EC5BABC1ADEF624002A635F /* 12.mp3 */ = {isa = PBXFileReference; lastKnownFileType = audio.mp3; path = 12.mp3; sourceTree = "<group>"; };
		4EC5BAC91ADF11A8002A635F /* prefix.h */ = {isa = PBXFileReference; lastKnownFileType = sourcecode.c.h; path = prefix.h; sourceTree = "<group>"; };
		4ECD38791ADD132C008F9DFA /* ViewController.h */ = {isa = PBXFileReference; fileEncoding = 4; lastKnownFileType = sourcecode.c.h; path = ViewController.h; sourceTree = "<group>"; };
		4ECD387A1ADD132C008F9DFA /* ViewController.m */ = {isa = PBXFileReference; fileEncoding = 4; lastKnownFileType = sourcecode.c.objc; path = ViewController.m; sourceTree = "<group>"; };
		986A73E71AD6C9D50015C12A /* C1 */ = {isa = PBXFileReference; lastKnownFileType = folder; path = C1; sourceTree = "<group>"; };
		986A73E81AD6C9D50015C12A /* C2 */ = {isa = PBXFileReference; lastKnownFileType = folder; path = C2; sourceTree = "<group>"; };
		986A73E91AD6C9D50015C12A /* C3 */ = {isa = PBXFileReference; lastKnownFileType = folder; path = C3; sourceTree = "<group>"; };
		986A73EA1AD6C9D50015C12A /* C4 */ = {isa = PBXFileReference; lastKnownFileType = folder; path = C4; sourceTree = "<group>"; };
/* End PBXFileReference section */

/* Begin PBXFrameworksBuildPhase section */
		3C24BF3D154FA74300084C39 /* Frameworks */ = {
			isa = PBXFrameworksBuildPhase;
			buildActionMask = 2147483647;
			files = (
				4E0EA8CD1ADDEAF8001673D4 /* SystemConfiguration.framework in Frameworks */,
				4E0EA8CB1ADDEADE001673D4 /* AddressBook.framework in Frameworks */,
				4E0EA8C91ADDEAAE001673D4 /* libz.1.2.5.dylib in Frameworks */,
				4E0EA8C71ADDEA2F001673D4 /* CoreTelephony.framework in Frameworks */,
				4E4001E81AD7EB52002917F4 /* ImageIO.framework in Frameworks */,
				4E4001E61AD7EAC8002917F4 /* CoreGraphics.framework in Frameworks */,
				4E4001E51AD7EA84002917F4 /* CoreImage.framework in Frameworks */,
				4E8087651AD7E37D000767C5 /* AVFoundation.framework in Frameworks */,
				4E8087631AD7E0E4000767C5 /* CoreFoundation.framework in Frameworks */,
				3C24BF7F154FA86D00084C39 /* QuartzCore.framework in Frameworks */,
				3C24BF7D154FA86000084C39 /* AudioToolbox.framework in Frameworks */,
				3C24BF45154FA74300084C39 /* UIKit.framework in Frameworks */,
				3C24BF47154FA74300084C39 /* Foundation.framework in Frameworks */,
				4E0EA8C51ADDEA25001673D4 /* iflyMSC.framework in Frameworks */,
			);
			runOnlyForDeploymentPostprocessing = 0;
		};
/* End PBXFrameworksBuildPhase section */

/* Begin PBXGroup section */
		3C24BF35154FA74200084C39 = {
			isa = PBXGroup;
			children = (
				3C24BF4A154FA74300084C39 /* ChineseWheel */,
				3C24BF43154FA74300084C39 /* Frameworks */,
				3C24BF41154FA74300084C39 /* Products */,
			);
			sourceTree = "<group>";
		};
		3C24BF41154FA74300084C39 /* Products */ = {
			isa = PBXGroup;
			children = (
				3C24BF40154FA74300084C39 /* ChineseWheel.app */,
			);
			name = Products;
			sourceTree = "<group>";
		};
		3C24BF43154FA74300084C39 /* Frameworks */ = {
			isa = PBXGroup;
			children = (
				4E0EA8CC1ADDEAF8001673D4 /* SystemConfiguration.framework */,
				4E0EA8CA1ADDEADE001673D4 /* AddressBook.framework */,
				4E0EA8C81ADDEAAE001673D4 /* libz.1.2.5.dylib */,
				4E0EA8C61ADDEA2F001673D4 /* CoreTelephony.framework */,
				4E0EA8781ADDE458001673D4 /* iflyMSC.framework */,
				4E4001E71AD7EB52002917F4 /* ImageIO.framework */,
				4E4001E41AD7EA84002917F4 /* CoreImage.framework */,
				4E8087641AD7E37D000767C5 /* AVFoundation.framework */,
				4E8087621AD7E0E4000767C5 /* CoreFoundation.framework */,
				3C24BF7E154FA86D00084C39 /* QuartzCore.framework */,
				3C24BF7C154FA86000084C39 /* AudioToolbox.framework */,
				3C24BF44154FA74300084C39 /* UIKit.framework */,
				3C24BF46154FA74300084C39 /* Foundation.framework */,
				3C24BF48154FA74300084C39 /* CoreGraphics.framework */,
			);
			name = Frameworks;
			sourceTree = "<group>";
		};
		3C24BF4A154FA74300084C39 /* ChineseWheel */ = {
			isa = PBXGroup;
			children = (
				4E0EA8521ADD199C001673D4 /* WheelPart */,
				4E0EA8141ADD14BF001673D4 /* GIF */,
				4ECD38771ADD1097008F9DFA /* Scratch */,
				4E0EA85D1ADD9B8D001673D4 /* Audio */,
				4E8087391AD7DF7A000767C5 /* Images.xcassets */,
				4E0F411F1ADE61360075A2DE /* Interface */,
				3C24BF4B154FA74300084C39 /* Supporting Files */,
			);
			name = ChineseWheel;
			path = "Wheel demo";
			sourceTree = "<group>";
		};
		3C24BF4B154FA74300084C39 /* Supporting Files */ = {
			isa = PBXGroup;
			children = (
				4E0EA84E1ADD16C1001673D4 /* main.m */,
				4E0EA8301ADD15A8001673D4 /* AppDelegate.h */,
				4E0EA8311ADD15A8001673D4 /* AppDelegate.m */,
				989F4D201AC3790400D23DF2 /* image */,
				3C24BF75154FA80200084C39 /* iPod Click.aiff */,
				3C24BF4C154FA74300084C39 /* ChineseWheel-Info.plist */,
				3C24BF4D154FA74300084C39 /* InfoPlist.strings */,
				3C24BF52154FA74300084C39 /* ChineseWheel-Prefix.pch */,
			);
			name = "Supporting Files";
			sourceTree = "<group>";
		};
		3C24BF61154FA76700084C39 /* Wheel */ = {
			isa = PBXGroup;
			children = (
				4E0EA83C1ADD1618001673D4 /* CDCircle.h */,
				4E0EA83D1ADD1618001673D4 /* CDCircle.m */,
				4E0EA83E1ADD1618001673D4 /* CDCircleGestureRecognizer.h */,
				4E0EA83F1ADD1618001673D4 /* CDCircleGestureRecognizer.m */,
				4E0EA8401ADD1618001673D4 /* CDCircleOverlayView.h */,
				4E0EA8411ADD1618001673D4 /* CDCircleOverlayView.m */,
				4E0EA8421ADD1618001673D4 /* CDCircleThumb.h */,
				4E0EA8431ADD1618001673D4 /* CDCircleThumb.m */,
				4E0EA8441ADD1618001673D4 /* CDIconView.h */,
				4E0EA8451ADD1618001673D4 /* CDIconView.m */,
				4E0EA8461ADD1618001673D4 /* Common.h */,
				4E0EA8471ADD1618001673D4 /* Common.m */,
			);
			path = Wheel;
			sourceTree = "<group>";
		};
		4E07F1221ADF280700FCFEDE /* Resource */ = {
			isa = PBXGroup;
			children = (
				4E07F10A1ADF27C700FCFEDE /* 1.gif */,
				4E07F10B1ADF27C700FCFEDE /* 2.gif */,
				4E07F10C1ADF27C700FCFEDE /* 3.gif */,
				4E07F10D1ADF27C700FCFEDE /* 4.gif */,
				4E07F10F1ADF27C700FCFEDE /* 5.gif */,
				4E07F10E1ADF27C700FCFEDE /* 6.gif */,
				4E07F1101ADF27C700FCFEDE /* 7.gif */,
				4E07F1111ADF27C700FCFEDE /* 8.gif */,
				4E07F1121ADF27C700FCFEDE /* 9.gif */,
				4E07F1131ADF27C700FCFEDE /* 10.gif */,
				4E07F1141ADF27C700FCFEDE /* 11.gif */,
				4E0EA8571ADD4835001673D4 /* 12.gif */,
			);
			name = Resource;
			sourceTree = "<group>";
		};
		4E0EA8141ADD14BF001673D4 /* GIF */ = {
			isa = PBXGroup;
			children = (
				4E07F1221ADF280700FCFEDE /* Resource */,
				4E0EA8681ADDA5BA001673D4 /* SvGifViewController.h */,
				4E0EA8691ADDA5BA001673D4 /* SvGifViewController.m */,
				4E0EA80D1ADD14A9001673D4 /* SvGifView.h */,
				4E0EA80E1ADD14A9001673D4 /* SvGifView.m */,
			);
			name = GIF;
			path = ..;
			sourceTree = "<group>";
		};
		4E0EA8521ADD199C001673D4 /* WheelPart */ = {
			isa = PBXGroup;
			children = (
				4EC5BAC91ADF11A8002A635F /* prefix.h */,
				4E0EA82A1ADD157E001673D4 /* horseBackground.png */,
				4E0EA82B1ADD157E001673D4 /* horseOriginal.png */,
				4E0EA82C1ADD157E001673D4 /* horseScatched.png */,
				3C24BF56154FA74300084C39 /* WheelDemoViewController.h */,
				3C24BF57154FA74300084C39 /* WheelDemoViewController.m */,
				3C24BF59154FA74300084C39 /* WheelDemoViewController.xib */,
				3C24BF61154FA76700084C39 /* Wheel */,
			);
			name = WheelPart;
			sourceTree = "<group>";
		};
		4E0EA85D1ADD9B8D001673D4 /* Audio */ = {
			isa = PBXGroup;
			children = (
				4EC5BAB11ADEF624002A635F /* 1.mp3 */,
				4EC5BAB21ADEF624002A635F /* 2.mp3 */,
				4EC5BAB31ADEF624002A635F /* 3.mp3 */,
				4EC5BAB41ADEF624002A635F /* 4.mp3 */,
				4EC5BAB51ADEF624002A635F /* 5.mp3 */,
				4EC5BAB61ADEF624002A635F /* 6.mp3 */,
				4EC5BAB71ADEF624002A635F /* 7.mp3 */,
				4EC5BAB81ADEF624002A635F /* 8.mp3 */,
				4EC5BAB91ADEF624002A635F /* 9.mp3 */,
				4EC5BABA1ADEF624002A635F /* 10.mp3 */,
				4EC5BABB1ADEF624002A635F /* 11.mp3 */,
				4EC5BABC1ADEF624002A635F /* 12.mp3 */,
				4E0F410C1ADDEF9B0075A2DE /* reco */,
				4E0EA8711ADDE392001673D4 /* Recognition */,
				4E0EA8631ADDA522001673D4 /* AudioViewController.h */,
				4E0EA8641ADDA522001673D4 /* AudioViewController.m */,
				4E4CC7281ADEE3890022004B /* AudioViewController.xib */,
			);
			name = Audio;
			sourceTree = "<group>";
		};
		4E0EA8711ADDE392001673D4 /* Recognition */ = {
			isa = PBXGroup;
			children = (
				4E0EA8D21ADDED92001673D4 /* SBJson */,
				4E0EA86B1ADDE36A001673D4 /* ISEViewController.h */,
				4E0EA86C1ADDE36A001673D4 /* ISEViewController.m */,
				4E0EA8C21ADDE8CE001673D4 /* ISEParams.h */,
				4E0EA8C31ADDE8CE001673D4 /* ISEParams.m */,
				4E0EA8811ADDE60D001673D4 /* Result */,
				4E0EA87A1ADDE48B001673D4 /* ISEResult.h */,
				4E0EA87B1ADDE48B001673D4 /* ISEResult.m */,
				4E0EA8721ADDE3D4001673D4 /* PopupView.h */,
				4E0EA8731ADDE3D4001673D4 /* PopupView.m */,
				4E0EA86E1ADDE38C001673D4 /* ISESettingViewController.h */,
				4E0EA86F1ADDE38C001673D4 /* ISESettingViewController.m */,
			);
			name = Recognition;
			sourceTree = "<group>";
		};
		4E0EA8811ADDE60D001673D4 /* Result */ = {
			isa = PBXGroup;
			children = (
				4E4CC7251ADEE2190022004B /* ISEResultTools.h */,
				4E4CC7261ADEE2190022004B /* ISEResultTools.m */,
				4E0EA8BF1ADDE8B4001673D4 /* ISEResultReadSentence.h */,
				4E0EA8C01ADDE8B4001673D4 /* ISEResultReadSentence.m */,
				4E0EA8BC1ADDE899001673D4 /* ISEResultReadWord.h */,
				4E0EA8BD1ADDE899001673D4 /* ISEResultReadWord.m */,
				4E0EA8B61ADDE7AE001673D4 /* ISEResultReadSyllable.h */,
				4E0EA8B71ADDE7AE001673D4 /* ISEResultReadSyllable.m */,
				4E0EA8B31ADDE7A4001673D4 /* ISEResultFinal.h */,
				4E0EA8B41ADDE7A4001673D4 /* ISEResultFinal.m */,
				4E0EA8B01ADDE799001673D4 /* ISEResultSentence.h */,
				4E0EA8B11ADDE799001673D4 /* ISEResultSentence.m */,
				4E0EA8AD1ADDE78D001673D4 /* ISEResultWord.h */,
				4E0EA8AE1ADDE78D001673D4 /* ISEResultWord.m */,
				4E0EA8AA1ADDE784001673D4 /* ISEResultSyll.h */,
				4E0EA8AB1ADDE784001673D4 /* ISEResultSyll.m */,
				4E0EA8A71ADDE774001673D4 /* ISEResultPhone.h */,
				4E0EA8A81ADDE774001673D4 /* ISEResultPhone.m */,
				4E0EA87D1ADDE4A6001673D4 /* ISEResultXmlParser.h */,
				4E0EA87E1ADDE4A6001673D4 /* ISEResultXmlParser.m */,
			);
			name = Result;
			sourceTree = "<group>";
		};
		4E0EA8D21ADDED92001673D4 /* SBJson */ = {
			isa = PBXGroup;
			children = (
				4E0EA8D31ADDED92001673D4 /* SBJson4.h */,
				4E0EA8D41ADDED92001673D4 /* SBJson4Parser.h */,
				4E0EA8D51ADDED92001673D4 /* SBJson4Parser.m */,
				4E0EA8D61ADDED92001673D4 /* SBJson4StreamParser.h */,
				4E0EA8D71ADDED92001673D4 /* SBJson4StreamParser.m */,
				4E0EA8D81ADDED92001673D4 /* SBJson4StreamParserState.h */,
				4E0EA8D91ADDED92001673D4 /* SBJson4StreamParserState.m */,
				4E0EA8DA1ADDED92001673D4 /* SBJson4StreamTokeniser.h */,
				4E0EA8DB1ADDED92001673D4 /* SBJson4StreamTokeniser.m */,
				4E0EA8DC1ADDED92001673D4 /* SBJson4StreamWriter.h */,
				4E0EA8DD1ADDED92001673D4 /* SBJson4StreamWriter.m */,
				4E0EA8DE1ADDED92001673D4 /* SBJson4StreamWriterState.h */,
				4E0EA8DF1ADDED92001673D4 /* SBJson4StreamWriterState.m */,
				4E0EA8E01ADDED92001673D4 /* SBJson4Writer.h */,
				4E0EA8E11ADDED92001673D4 /* SBJson4Writer.m */,
			);
			name = SBJson;
			path = 3rd/SBJson;
			sourceTree = "<group>";
		};
		4E0F410C1ADDEF9B0075A2DE /* reco */ = {
			isa = PBXGroup;
			children = (
				4E0F411C1ADDF3000075A2DE /* ASRDialogViewController.h */,
				4E0F411D1ADDF3000075A2DE /* ASRDialogViewController.m */,
				4E0EA8801ADDE576001673D4 /* ViewUIPrefix.h */,
				4E0F41191ADDF0AD0075A2DE /* ISRDataHelper.h */,
				4E0F411A1ADDF0AD0075A2DE /* ISRDataHelper.m */,
				4E0F41161ADDF09F0075A2DE /* UIPlaceHolderTextView.h */,
				4E0F41171ADDF09F0075A2DE /* UIPlaceHolderTextView.m */,
				4E0F41131ADDF0340075A2DE /* RecognizerFactory.h */,
				4E0F41141ADDF0340075A2DE /* RecognizerFactory.m */,
				4E0F41101ADDF01E0075A2DE /* ISRViewController.h */,
				4E0F41111ADDF01E0075A2DE /* ISRViewController.m */,
				4E0F410D1ADDEFB50075A2DE /* AFRViewController.h */,
				4E0F410E1ADDEFB50075A2DE /* AFRViewController.m */,
			);
			name = reco;
			sourceTree = "<group>";
		};
		4E0F411F1ADE61360075A2DE /* Interface */ = {
			isa = PBXGroup;
			children = (
				4E07F1081ADF17A500FCFEDE /* Main.storyboard */,
				4E80873B1AD7DF7F000767C5 /* LaunchScreen.xib */,
			);
			name = Interface;
			sourceTree = "<group>";
		};
		4ECD38771ADD1097008F9DFA /* Scratch */ = {
			isa = PBXGroup;
			children = (
				4ECD38791ADD132C008F9DFA /* ViewController.h */,
				4ECD387A1ADD132C008F9DFA /* ViewController.m */,
				4E0EA81C1ADD1566001673D4 /* InfoPlist.strings */,
				4E8087351AD7DF5E000767C5 /* HYScratchCardView.h */,
				4E8087361AD7DF5E000767C5 /* HYScratchCardView.m */,
			);
			name = Scratch;
			path = ..;
			sourceTree = "<group>";
		};
		989F4D201AC3790400D23DF2 /* image */ = {
			isa = PBXGroup;
			children = (
				986A73E71AD6C9D50015C12A /* C1 */,
				986A73E81AD6C9D50015C12A /* C2 */,
				986A73E91AD6C9D50015C12A /* C3 */,
				986A73EA1AD6C9D50015C12A /* C4 */,
			);
			path = image;
			sourceTree = "<group>";
		};
/* End PBXGroup section */

/* Begin PBXNativeTarget section */
		3C24BF3F154FA74300084C39 /* ChineseWheel */ = {
			isa = PBXNativeTarget;
			buildConfigurationList = 3C24BF5E154FA74300084C39 /* Build configuration list for PBXNativeTarget "ChineseWheel" */;
			buildPhases = (
				3C24BF3C154FA74300084C39 /* Sources */,
				3C24BF3D154FA74300084C39 /* Frameworks */,
				3C24BF3E154FA74300084C39 /* Resources */,
			);
			buildRules = (
			);
			dependencies = (
			);
			name = ChineseWheel;
			productName = "Wheel demo";
			productReference = 3C24BF40154FA74300084C39 /* ChineseWheel.app */;
			productType = "com.apple.product-type.application";
		};
/* End PBXNativeTarget section */

/* Begin PBXProject section */
		3C24BF37154FA74200084C39 /* Project object */ = {
			isa = PBXProject;
			attributes = {
				CLASSPREFIX = WheelDemo;
				LastUpgradeCheck = 0630;
			};
			buildConfigurationList = 3C24BF3A154FA74200084C39 /* Build configuration list for PBXProject "ChineseWheel" */;
			compatibilityVersion = "Xcode 3.2";
			developmentRegion = English;
			hasScannedForEncodings = 0;
			knownRegions = (
				en,
			);
			mainGroup = 3C24BF35154FA74200084C39;
			productRefGroup = 3C24BF41154FA74300084C39 /* Products */;
			projectDirPath = "";
			projectRoot = "";
			targets = (
				3C24BF3F154FA74300084C39 /* ChineseWheel */,
			);
		};
/* End PBXProject section */

/* Begin PBXResourcesBuildPhase section */
		3C24BF3E154FA74300084C39 /* Resources */ = {
			isa = PBXResourcesBuildPhase;
			buildActionMask = 2147483647;
			files = (
				4E07F11F1ADF27C700FCFEDE /* 10.gif in Resources */,
				4E07F11D1ADF27C700FCFEDE /* 8.gif in Resources */,
				4EC5BABD1ADEF624002A635F /* 1.mp3 in Resources */,
				4E07F1191ADF27C700FCFEDE /* 4.gif in Resources */,
				4EC5BAC41ADEF624002A635F /* 8.mp3 in Resources */,
				986A73EC1AD6C9D50015C12A /* C2 in Resources */,
				4EC5BAC61ADEF624002A635F /* 10.mp3 in Resources */,
				4E0EA81D1ADD1566001673D4 /* InfoPlist.strings in Resources */,
				4EC5BAC21ADEF624002A635F /* 6.mp3 in Resources */,
				4EC5BAC71ADEF624002A635F /* 11.mp3 in Resources */,
				4E80873A1AD7DF7A000767C5 /* Images.xcassets in Resources */,
				4E07F11A1ADF27C700FCFEDE /* 6.gif in Resources */,
				4EC5BABE1ADEF624002A635F /* 2.mp3 in Resources */,
				4EC5BAC31ADEF624002A635F /* 7.mp3 in Resources */,
				4E0EA82F1ADD157E001673D4 /* horseScatched.png in Resources */,
				4EC5BABF1ADEF624002A635F /* 3.mp3 in Resources */,
				4E07F11C1ADF27C700FCFEDE /* 7.gif in Resources */,
				4EC5BAC81ADEF624002A635F /* 12.mp3 in Resources */,
				4E4CC7291ADEE3890022004B /* AudioViewController.xib in Resources */,
				986A73EE1AD6C9D50015C12A /* C4 in Resources */,
				3C24BF4F154FA74300084C39 /* InfoPlist.strings in Resources */,
				4E07F1171ADF27C700FCFEDE /* 2.gif in Resources */,
				986A73ED1AD6C9D50015C12A /* C3 in Resources */,
				4EC5BAC11ADEF624002A635F /* 5.mp3 in Resources */,
				4EC5BAC51ADEF624002A635F /* 9.mp3 in Resources */,
				3C24BF5B154FA74300084C39 /* WheelDemoViewController.xib in Resources */,
				4E07F1181ADF27C700FCFEDE /* 3.gif in Resources */,
				4E0EA82E1ADD157E001673D4 /* horseOriginal.png in Resources */,
				4E07F11E1ADF27C700FCFEDE /* 9.gif in Resources */,
				4E07F1201ADF27C700FCFEDE /* 11.gif in Resources */,
				4E07F1161ADF27C700FCFEDE /* 1.gif in Resources */,
				986A73EB1AD6C9D50015C12A /* C1 in Resources */,
				4E07F1091ADF17A500FCFEDE /* Main.storyboard in Resources */,
				4E07F11B1ADF27C700FCFEDE /* 5.gif in Resources */,
				4E0EA82D1ADD157E001673D4 /* horseBackground.png in Resources */,
				4E0EA85C1ADD4835001673D4 /* 12.gif in Resources */,
				4E80873C1AD7DF7F000767C5 /* LaunchScreen.xib in Resources */,
				4EC5BAC01ADEF624002A635F /* 4.mp3 in Resources */,
				3C24BF76154FA80200084C39 /* iPod Click.aiff in Resources */,
			);
			runOnlyForDeploymentPostprocessing = 0;
		};
/* End PBXResourcesBuildPhase section */

/* Begin PBXSourcesBuildPhase section */
		3C24BF3C154FA74300084C39 /* Sources */ = {
			isa = PBXSourcesBuildPhase;
			buildActionMask = 2147483647;
			files = (
				4E0EA87C1ADDE48B001673D4 /* ISEResult.m in Sources */,
				4E0EA86A1ADDA5BA001673D4 /* SvGifViewController.m in Sources */,
				4E0EA8E61ADDED92001673D4 /* SBJson4StreamWriter.m in Sources */,
				4E8087371AD7DF5F000767C5 /* HYScratchCardView.m in Sources */,
				3C24BF58154FA74300084C39 /* WheelDemoViewController.m in Sources */,
				4E0EA8701ADDE38C001673D4 /* ISESettingViewController.m in Sources */,
				4E0EA8B51ADDE7A4001673D4 /* ISEResultFinal.m in Sources */,
				4E0F411E1ADDF3000075A2DE /* ASRDialogViewController.m in Sources */,
				4E0EA8A91ADDE774001673D4 /* ISEResultPhone.m in Sources */,
				4E0EA8C41ADDE8CE001673D4 /* ISEParams.m in Sources */,
				4E0EA8E51ADDED92001673D4 /* SBJson4StreamTokeniser.m in Sources */,
				4E0EA84D1ADD1618001673D4 /* Common.m in Sources */,
				4E0EA84B1ADD1618001673D4 /* CDCircleThumb.m in Sources */,
				4E0EA8C11ADDE8B4001673D4 /* ISEResultReadSentence.m in Sources */,
				4E0EA8AF1ADDE78D001673D4 /* ISEResultWord.m in Sources */,
				4E0EA8111ADD14A9001673D4 /* SvGifView.m in Sources */,
				4E0F41121ADDF01E0075A2DE /* ISRViewController.m in Sources */,
				4E0EA8491ADD1618001673D4 /* CDCircleGestureRecognizer.m in Sources */,
				4ECD387B1ADD132C008F9DFA /* ViewController.m in Sources */,
				4E0EA84F1ADD16C1001673D4 /* main.m in Sources */,
				4E0EA84C1ADD1618001673D4 /* CDIconView.m in Sources */,
				4E0EA8E41ADDED92001673D4 /* SBJson4StreamParserState.m in Sources */,
				4E0EA8E21ADDED92001673D4 /* SBJson4Parser.m in Sources */,
				4E0EA8E81ADDED92001673D4 /* SBJson4Writer.m in Sources */,
				4E0EA87F1ADDE4A6001673D4 /* ISEResultXmlParser.m in Sources */,
				4E0EA8B21ADDE799001673D4 /* ISEResultSentence.m in Sources */,
				4E0EA84A1ADD1618001673D4 /* CDCircleOverlayView.m in Sources */,
				4E4CC7271ADEE2190022004B /* ISEResultTools.m in Sources */,
				4E0F41181ADDF09F0075A2DE /* UIPlaceHolderTextView.m in Sources */,
				4E0EA8E31ADDED92001673D4 /* SBJson4StreamParser.m in Sources */,
				4E0EA8661ADDA522001673D4 /* AudioViewController.m in Sources */,
				4E0F410F1ADDEFB50075A2DE /* AFRViewController.m in Sources */,
				4E0EA86D1ADDE36A001673D4 /* ISEViewController.m in Sources */,
				4E0EA8BE1ADDE899001673D4 /* ISEResultReadWord.m in Sources */,
				4E0EA8741ADDE3D4001673D4 /* PopupView.m in Sources */,
				4E0EA8481ADD1618001673D4 /* CDCircle.m in Sources */,
				4E0EA8E71ADDED92001673D4 /* SBJson4StreamWriterState.m in Sources */,
				4E0EA8B81ADDE7AE001673D4 /* ISEResultReadSyllable.m in Sources */,
				4E0F411B1ADDF0AD0075A2DE /* ISRDataHelper.m in Sources */,
				4E0F41151ADDF0340075A2DE /* RecognizerFactory.m in Sources */,
				4E0EA8AC1ADDE784001673D4 /* ISEResultSyll.m in Sources */,
				4E0EA8321ADD15A8001673D4 /* AppDelegate.m in Sources */,
			);
			runOnlyForDeploymentPostprocessing = 0;
		};
/* End PBXSourcesBuildPhase section */

/* Begin PBXVariantGroup section */
		3C24BF4D154FA74300084C39 /* InfoPlist.strings */ = {
			isa = PBXVariantGroup;
			children = (
				3C24BF4E154FA74300084C39 /* en */,
			);
			name = InfoPlist.strings;
			sourceTree = "<group>";
		};
		3C24BF59154FA74300084C39 /* WheelDemoViewController.xib */ = {
			isa = PBXVariantGroup;
			children = (
				3C24BF5A154FA74300084C39 /* en */,
			);
			name = WheelDemoViewController.xib;
			sourceTree = "<group>";
		};
/* End PBXVariantGroup section */

/* Begin XCBuildConfiguration section */
		3C24BF5C154FA74300084C39 /* Debug */ = {
			isa = XCBuildConfiguration;
			buildSettings = {
				ALWAYS_SEARCH_USER_PATHS = NO;
				CLANG_ENABLE_OBJC_ARC = YES;
				CLANG_WARN_BOOL_CONVERSION = YES;
				CLANG_WARN_CONSTANT_CONVERSION = YES;
				CLANG_WARN_EMPTY_BODY = YES;
				CLANG_WARN_ENUM_CONVERSION = YES;
				CLANG_WARN_INT_CONVERSION = YES;
				CLANG_WARN_UNREACHABLE_CODE = YES;
				CLANG_WARN__DUPLICATE_METHOD_MATCH = YES;
				"CODE_SIGN_IDENTITY[sdk=iphoneos*]" = "iPhone Developer";
				COPY_PHASE_STRIP = NO;
				ENABLE_STRICT_OBJC_MSGSEND = YES;
				GCC_C_LANGUAGE_STANDARD = gnu99;
				GCC_DYNAMIC_NO_PIC = NO;
				GCC_NO_COMMON_BLOCKS = YES;
				GCC_OPTIMIZATION_LEVEL = 0;
				GCC_PREPROCESSOR_DEFINITIONS = (
					"DEBUG=1",
					"$(inherited)",
				);
				GCC_SYMBOLS_PRIVATE_EXTERN = NO;
				GCC_VERSION = com.apple.compilers.llvm.clang.1_0;
				GCC_WARN_64_TO_32_BIT_CONVERSION = YES;
				GCC_WARN_ABOUT_RETURN_TYPE = YES;
				GCC_WARN_UNDECLARED_SELECTOR = YES;
				GCC_WARN_UNINITIALIZED_AUTOS = YES;
				GCC_WARN_UNUSED_FUNCTION = YES;
				GCC_WARN_UNUSED_VARIABLE = YES;
				IPHONEOS_DEPLOYMENT_TARGET = 7.0;
				ONLY_ACTIVE_ARCH = YES;
				SDKROOT = iphoneos;
			};
			name = Debug;
		};
		3C24BF5D154FA74300084C39 /* Release */ = {
			isa = XCBuildConfiguration;
			buildSettings = {
				ALWAYS_SEARCH_USER_PATHS = NO;
				CLANG_ENABLE_OBJC_ARC = YES;
				CLANG_WARN_BOOL_CONVERSION = YES;
				CLANG_WARN_CONSTANT_CONVERSION = YES;
				CLANG_WARN_EMPTY_BODY = YES;
				CLANG_WARN_ENUM_CONVERSION = YES;
				CLANG_WARN_INT_CONVERSION = YES;
				CLANG_WARN_UNREACHABLE_CODE = YES;
				CLANG_WARN__DUPLICATE_METHOD_MATCH = YES;
				"CODE_SIGN_IDENTITY[sdk=iphoneos*]" = "iPhone Developer";
				COPY_PHASE_STRIP = YES;
				ENABLE_STRICT_OBJC_MSGSEND = YES;
				GCC_C_LANGUAGE_STANDARD = gnu99;
				GCC_NO_COMMON_BLOCKS = YES;
				GCC_VERSION = com.apple.compilers.llvm.clang.1_0;
				GCC_WARN_64_TO_32_BIT_CONVERSION = YES;
				GCC_WARN_ABOUT_RETURN_TYPE = YES;
				GCC_WARN_UNDECLARED_SELECTOR = YES;
				GCC_WARN_UNINITIALIZED_AUTOS = YES;
				GCC_WARN_UNUSED_FUNCTION = YES;
				GCC_WARN_UNUSED_VARIABLE = YES;
				IPHONEOS_DEPLOYMENT_TARGET = 7.0;
				OTHER_CFLAGS = "-DNS_BLOCK_ASSERTIONS=1";
				"PROVISIONING_PROFILE[sdk=iphoneos*]" = "";
				SDKROOT = iphoneos;
				VALIDATE_PRODUCT = YES;
			};
			name = Release;
		};
		3C24BF5F154FA74300084C39 /* Debug */ = {
			isa = XCBuildConfiguration;
			buildSettings = {
				CLANG_ENABLE_OBJC_ARC = YES;
				CODE_SIGN_IDENTITY = "iPhone Developer";
				FRAMEWORK_SEARCH_PATHS = (
					"$(inherited)",
					"$(PROJECT_DIR)",
				);
				GCC_PRECOMPILE_PREFIX_HEADER = YES;
				GCC_PREFIX_HEADER = "Wheel demo/ChineseWheel-Prefix.pch";
				INFOPLIST_FILE = "Wheel demo/ChineseWheel-Info.plist";
				IPHONEOS_DEPLOYMENT_TARGET = 7.0;
				PRODUCT_NAME = ChineseWheel;
				SDKROOT = iphoneos;
				WRAPPER_EXTENSION = app;
			};
			name = Debug;
		};
		3C24BF60154FA74300084C39 /* Release */ = {
			isa = XCBuildConfiguration;
			buildSettings = {
				CLANG_ENABLE_OBJC_ARC = YES;
				CODE_SIGN_IDENTITY = "iPhone Developer";
				FRAMEWORK_SEARCH_PATHS = (
					"$(inherited)",
					"$(PROJECT_DIR)",
				);
				GCC_PRECOMPILE_PREFIX_HEADER = YES;
				GCC_PREFIX_HEADER = "Wheel demo/ChineseWheel-Prefix.pch";
				INFOPLIST_FILE = "Wheel demo/ChineseWheel-Info.plist";
				IPHONEOS_DEPLOYMENT_TARGET = 7.0;
				PRODUCT_NAME = ChineseWheel;
				SDKROOT = iphoneos;
				WRAPPER_EXTENSION = app;
			};
			name = Release;
		};
/* End XCBuildConfiguration section */

/* Begin XCConfigurationList section */
		3C24BF3A154FA74200084C39 /* Build configuration list for PBXProject "ChineseWheel" */ = {
			isa = XCConfigurationList;
			buildConfigurations = (
				3C24BF5C154FA74300084C39 /* Debug */,
				3C24BF5D154FA74300084C39 /* Release */,
			);
			defaultConfigurationIsVisible = 0;
			defaultConfigurationName = Release;
		};
		3C24BF5E154FA74300084C39 /* Build configuration list for PBXNativeTarget "ChineseWheel" */ = {
			isa = XCConfigurationList;
			buildConfigurations = (
				3C24BF5F154FA74300084C39 /* Debug */,
				3C24BF60154FA74300084C39 /* Release */,
			);
			defaultConfigurationIsVisible = 0;
			defaultConfigurationName = Release;
		};
/* End XCConfigurationList section */
	};
	rootObject = 3C24BF37154FA74200084C39 /* Project object */;
}
